
Microsoft Visual Studio Solution File, Format Version 12.00
# Visual Studio Version 16
VisualStudioVersion = 16.0.29926.136
MinimumVisualStudioVersion = 10.0.40219.1
Project("{FAE04EC0-301F-11D3-BF4B-00C04F79EFBC}") = "BlogSystem.Models", "BlogSystem.Models\BlogSystem.Models.csproj", "{1A425FEA-D7EF-4F82-B525-3C0BD2F3CCF8}"
EndProject
Project("{FAE04EC0-301F-11D3-BF4B-00C04F79EFBC}") = "BlogSystem.DAL", "BlogSystem.DAL\BlogSystem.DAL.csproj", "{FB3B60D1-DC80-44F9-AC7E-A68E7DF8B001}"
EndProject
Project("{FAE04EC0-301F-11D3-BF4B-00C04F79EFBC}") = "BlogSystem.BLL", "BlogSystem.BLL\BlogSystem.BLL.csproj", "{FDD78337-BCCD-4442-9B2D-F91BD85D47DF}"
EndProject
Project("{FAE04EC0-301F-11D3-BF4B-00C04F79EFBC}") = "BlogSystem.Dto", "BlogSystem.Dto\BlogSystem.Dto.csproj", "{4C98286D-A894-4A42-A893-440B5ABD7E1B}"
EndProject
Project("{FAE04EC0-301F-11D3-BF4B-00C04F79EFBC}") = "BlogSystem.WebMVC", "BlogSystem.WebMVC\BlogSystem.WebMVC.csproj", "{AE6A9DE3-FB6F-4B69-905E-1AB8438520BA}"
EndProject
Global
	GlobalSection(SolutionConfigurationPlatforms) = preSolution
		Debug|Any CPU = Debug|Any CPU
		Release|Any CPU = Release|Any CPU
	EndGlobalSection
	GlobalSection(ProjectConfigurationPlatforms) = postSolution
		{1A425FEA-D7EF-4F82-B525-3C0BD2F3CCF8}.Debug|Any CPU.ActiveCfg = Debug|Any CPU
		{1A425FEA-D7EF-4F82-B525-3C0BD2F3CCF8}.Debug|Any CPU.Build.0 = Debug|Any CPU
		{1A425FEA-D7EF-4F82-B525-3C0BD2F3CCF8}.Release|Any CPU.ActiveCfg = Release|Any CPU
		{1A425FEA-D7EF-4F82-B525-3C0BD2F3CCF8}.Release|Any CPU.Build.0 = Release|Any CPU
		{FB3B60D1-DC80-44F9-AC7E-A68E7DF8B001}.Debug|Any CPU.ActiveCfg = Debug|Any CPU
		{FB3B60D1-DC80-44F9-AC7E-A68E7DF8B001}.Debug|Any CPU.Build.0 = Debug|Any CPU
		{FB3B60D1-DC80-44F9-AC7E-A68E7DF8B001}.Release|Any CPU.ActiveCfg = Release|Any CPU
		{FB3B60D1-DC80-44F9-AC7E-A68E7DF8B001}.Release|Any CPU.Build.0 = Release|Any CPU
		{FDD78337-BCCD-4442-9B2D-F91BD85D47DF}.Debug|Any CPU.ActiveCfg = Debug|Any CPU
		{FDD78337-BCCD-4442-9B2D-F91BD85D47DF}.Debug|Any CPU.Build.0 = Debug|Any CPU
		{FDD78337-BCCD-4442-9B2D-F91BD85D47DF}.Release|Any CPU.ActiveCfg = Release|Any CPU
		{FDD78337-BCCD-4442-9B2D-F91BD85D47DF}.Release|Any CPU.Build.0 = Release|Any CPU
		{4C98286D-A894-4A42-A893-440B5ABD7E1B}.Debug|Any CPU.ActiveCfg = Debug|Any CPU
		{4C98286D-A894-4A42-A893-440B5ABD7E1B}.Debug|Any CPU.Build.0 = Debug|Any CPU
		{4C98286D-A894-4A42-A893-440B5ABD7E1B}.Release|Any CPU.ActiveCfg = Release|Any CPU
		{4C98286D-A894-4A42-A893-440B5ABD7E1B}.Release|Any CPU.Build.0 = Release|Any CPU
		{AE6A9DE3-FB6F-4B69-905E-1AB8438520BA}.Debug|Any CPU.ActiveCfg = Debug|Any CPU
		{AE6A9DE3-FB6F-4B69-905E-1AB8438520BA}.Debug|Any CPU.Build.0 = Debug|Any CPU
		{AE6A9DE3-FB6F-4B69-905E-1AB8438520BA}.Release|Any CPU.ActiveCfg = Release|Any CPU
		{AE6A9DE3-FB6F-4B69-905E-1AB8438520BA}.Release|Any CPU.Build.0 = Release|Any CPU
	EndGlobalSection
	GlobalSection(SolutionProperties) = preSolution
		HideSolutionNode = FALSE
	EndGlobalSection
	GlobalSection(ExtensibilityGlobals) = postSolution
		SolutionGuid = {D09074AC-E01F-4058-BA35-6208EC29E713}
	EndGlobalSection
EndGlobal
